
Microsoft Visual Studio Solution File, Format Version 12.00
# Visual Studio 15
VisualStudioVersion = 15.0.26124.0
MinimumVisualStudioVersion = 15.0.26124.0
Project("{FAE04EC0-301F-11D3-BF4B-00C04F79EFBC}") = "API", "API\API.csproj", "{5951141A-67CA-4F7C-87E1-67292ACB3431}"
EndProject
Project("{FAE04EC0-301F-11D3-BF4B-00C04F79EFBC}") = "Core", "Core\Core.csproj", "{8357F165-ED2F-431D-A006-E190D24798DB}"
EndProject
Project("{FAE04EC0-301F-11D3-BF4B-00C04F79EFBC}") = "Infrastructure", "Infrastructure\Infrastructure.csproj", "{5440D13F-041F-4F6C-B3CE-79C261D870FC}"
EndProject
Global
	GlobalSection(SolutionConfigurationPlatforms) = preSolution
		Debug|Any CPU = Debug|Any CPU
		Debug|x64 = Debug|x64
		Debug|x86 = Debug|x86
		Release|Any CPU = Release|Any CPU
		Release|x64 = Release|x64
		Release|x86 = Release|x86
	EndGlobalSection
	GlobalSection(SolutionProperties) = preSolution
		HideSolutionNode = FALSE
	EndGlobalSection
	GlobalSection(ProjectConfigurationPlatforms) = postSolution
		{5951141A-67CA-4F7C-87E1-67292ACB3431}.Debug|Any CPU.ActiveCfg = Debug|Any CPU
		{5951141A-67CA-4F7C-87E1-67292ACB3431}.Debug|Any CPU.Build.0 = Debug|Any CPU
		{5951141A-67CA-4F7C-87E1-67292ACB3431}.Debug|x64.ActiveCfg = Debug|Any CPU
		{5951141A-67CA-4F7C-87E1-67292ACB3431}.Debug|x64.Build.0 = Debug|Any CPU
		{5951141A-67CA-4F7C-87E1-67292ACB3431}.Debug|x86.ActiveCfg = Debug|Any CPU
		{5951141A-67CA-4F7C-87E1-67292ACB3431}.Debug|x86.Build.0 = Debug|Any CPU
		{5951141A-67CA-4F7C-87E1-67292ACB3431}.Release|Any CPU.ActiveCfg = Release|Any CPU
		{5951141A-67CA-4F7C-87E1-67292ACB3431}.Release|Any CPU.Build.0 = Release|Any CPU
		{5951141A-67CA-4F7C-87E1-67292ACB3431}.Release|x64.ActiveCfg = Release|Any CPU
		{5951141A-67CA-4F7C-87E1-67292ACB3431}.Release|x64.Build.0 = Release|Any CPU
		{5951141A-67CA-4F7C-87E1-67292ACB3431}.Release|x86.ActiveCfg = Release|Any CPU
		{5951141A-67CA-4F7C-87E1-67292ACB3431}.Release|x86.Build.0 = Release|Any CPU
		{8357F165-ED2F-431D-A006-E190D24798DB}.Debug|Any CPU.ActiveCfg = Debug|Any CPU
		{8357F165-ED2F-431D-A006-E190D24798DB}.Debug|Any CPU.Build.0 = Debug|Any CPU
		{8357F165-ED2F-431D-A006-E190D24798DB}.Debug|x64.ActiveCfg = Debug|Any CPU
		{8357F165-ED2F-431D-A006-E190D24798DB}.Debug|x64.Build.0 = Debug|Any CPU
		{8357F165-ED2F-431D-A006-E190D24798DB}.Debug|x86.ActiveCfg = Debug|Any CPU
		{8357F165-ED2F-431D-A006-E190D24798DB}.Debug|x86.Build.0 = Debug|Any CPU
		{8357F165-ED2F-431D-A006-E190D24798DB}.Release|Any CPU.ActiveCfg = Release|Any CPU
		{8357F165-ED2F-431D-A006-E190D24798DB}.Release|Any CPU.Build.0 = Release|Any CPU
		{8357F165-ED2F-431D-A006-E190D24798DB}.Release|x64.ActiveCfg = Release|Any CPU
		{8357F165-ED2F-431D-A006-E190D24798DB}.Release|x64.Build.0 = Release|Any CPU
		{8357F165-ED2F-431D-A006-E190D24798DB}.Release|x86.ActiveCfg = Release|Any CPU
		{8357F165-ED2F-431D-A006-E190D24798DB}.Release|x86.Build.0 = Release|Any CPU
		{5440D13F-041F-4F6C-B3CE-79C261D870FC}.Debug|Any CPU.ActiveCfg = Debug|Any CPU
		{5440D13F-041F-4F6C-B3CE-79C261D870FC}.Debug|Any CPU.Build.0 = Debug|Any CPU
		{5440D13F-041F-4F6C-B3CE-79C261D870FC}.Debug|x64.ActiveCfg = Debug|Any CPU
		{5440D13F-041F-4F6C-B3CE-79C261D870FC}.Debug|x64.Build.0 = Debug|Any CPU
		{5440D13F-041F-4F6C-B3CE-79C261D870FC}.Debug|x86.ActiveCfg = Debug|Any CPU
		{5440D13F-041F-4F6C-B3CE-79C261D870FC}.Debug|x86.Build.0 = Debug|Any CPU
		{5440D13F-041F-4F6C-B3CE-79C261D870FC}.Release|Any CPU.ActiveCfg = Release|Any CPU
		{5440D13F-041F-4F6C-B3CE-79C261D870FC}.Release|Any CPU.Build.0 = Release|Any CPU
		{5440D13F-041F-4F6C-B3CE-79C261D870FC}.Release|x64.ActiveCfg = Release|Any CPU
		{5440D13F-041F-4F6C-B3CE-79C261D870FC}.Release|x64.Build.0 = Release|Any CPU
		{5440D13F-041F-4F6C-B3CE-79C261D870FC}.Release|x86.ActiveCfg = Release|Any CPU
		{5440D13F-041F-4F6C-B3CE-79C261D870FC}.Release|x86.Build.0 = Release|Any CPU
	EndGlobalSection
EndGlobal
